[[package]]
category = "main"
description = "Python package for providing Mozilla's CA Bundle."
name = "certifi"
optional = false
python-versions = "*"
version = "2019.11.28"

[[package]]
category = "main"
description = "Universal encoding detector for Python 2 and 3"
name = "chardet"
optional = false
python-versions = "*"
version = "3.0.4"

[[package]]
category = "main"
description = "Composable command line interface toolkit"
name = "click"
optional = false
python-versions = ">=2.7, !=3.0.*, !=3.1.*, !=3.2.*, !=3.3.*"
version = "7.0"

[[package]]
category = "main"
description = "A simple framework for building complex web applications."
name = "flask"
optional = false
python-versions = ">=2.7, !=3.0.*, !=3.1.*, !=3.2.*, !=3.3.*, !=3.4.*"
version = "1.1.1"

[package.dependencies]
Jinja2 = ">=2.10.1"
Werkzeug = ">=0.15"
click = ">=5.1"
itsdangerous = ">=0.24"

[[package]]
category = "main"
description = "Clean single-source support for Python 3 and 2"
name = "future"
optional = false
python-versions = ">=2.6, !=3.0.*, !=3.1.*, !=3.2.*"
version = "0.18.2"

[[package]]
category = "main"
description = "GAX library for the Google Logging API"
name = "gax-google-logging-v2"
optional = false
python-versions = "*"
version = "0.8.3"

[package.dependencies]
google-gax = ">=0.12.5,<0.13.0"
googleapis-common-protos = ">=1.1.0"
grpc-google-logging-v2 = ">=0.8.1,<0.9.0"
oauth2client = ">=1.4.11"

[[package]]
category = "main"
description = "DEPRECATED"
name = "gax-google-pubsub-v1"
optional = false
python-versions = "*"
version = "0.8.3"

[package.dependencies]
google-gax = ">=0.12.5,<0.13.0"
googleapis-common-protos = ">=1.1.0"
grpc-google-pubsub-v1 = ">=0.8.1,<0.9.0"
oauth2client = ">=1.4.11"

[[package]]
category = "main"
description = "API Client library for Google Cloud"
name = "gcloud"
optional = false
python-versions = "*"
version = "0.18.3"

[package.dependencies]
gax-google-logging-v2 = ">=0.8.0,<0.9dev"
gax-google-pubsub-v1 = ">=0.8.0,<0.9dev"
google-gax = ">=0.12.3,<0.13dev"
googleapis-common-protos = "*"
grpc-google-logging-v2 = ">=0.8.0,<0.9dev"
grpc-google-pubsub-v1 = ">=0.8.0,<0.9dev"
grpcio = ">=1.0rc1"
httplib2 = ">=0.9.1"
oauth2client = ">=2.0.1"
protobuf = ">3.0.0.b2"
six = "*"

[[package]]
category = "main"
description = "Google API Extensions"
name = "google-gax"
optional = false
python-versions = "*"
version = "0.12.5"

[package.dependencies]
future = ">=0.15.2"
grpcio = ">=1.0rc1"
oauth2client = ">=1.5.2"
ply = "3.8"
protobuf = ">=3.0.0b3"

[[package]]
category = "main"
description = "Common protobufs used in Google APIs"
name = "googleapis-common-protos"
optional = false
python-versions = "*"
version = "1.6.0"

[package.dependencies]
protobuf = ">=3.6.0"

[[package]]
category = "main"
description = "GRPC library for the google-logging-v2 service"
name = "grpc-google-logging-v2"
optional = false
python-versions = "*"
version = "0.8.1"

[package.dependencies]
googleapis-common-protos = ">=1.1.0"
grpcio = ">=1.0rc1"
oauth2client = ">=1.4.11"

[[package]]
category = "main"
description = "GRPC library for the google-pubsub-v1 service"
name = "grpc-google-pubsub-v1"
optional = false
python-versions = "*"
version = "0.8.1"

[package.dependencies]
googleapis-common-protos = ">=1.1.0"
grpcio = ">=1.0rc1"
oauth2client = ">=1.4.11"

[[package]]
category = "main"
description = "HTTP/2-based RPC framework"
name = "grpcio"
optional = false
python-versions = "*"
version = "1.26.0"

[package.dependencies]
six = ">=1.5.2"

[[package]]
category = "main"
description = "A comprehensive HTTP client library."
name = "httplib2"
optional = false
python-versions = "*"
version = "0.15.0"

[[package]]
category = "main"
description = "Internationalized Domain Names in Applications (IDNA)"
name = "idna"
optional = false
python-versions = ">=2.7, !=3.0.*, !=3.1.*, !=3.2.*, !=3.3.*"
version = "2.8"

[[package]]
category = "main"
description = "Various helpers to pass data to untrusted environments and back."
name = "itsdangerous"
optional = false
python-versions = ">=2.7, !=3.0.*, !=3.1.*, !=3.2.*, !=3.3.*"
version = "1.1.0"

[[package]]
category = "main"
description = "A very fast and expressive template engine."
name = "jinja2"
optional = false
python-versions = "*"
version = "2.10.3"

[package.dependencies]
MarkupSafe = ">=0.23"

[[package]]
category = "main"
description = "JSON Web Signatures implementation in Python"
name = "jws"
optional = false
python-versions = "*"
version = "0.1.3"

[[package]]
category = "main"
description = "Safely add untrusted strings to HTML/XML markup."
name = "markupsafe"
optional = false
python-versions = ">=2.7,!=3.0.*,!=3.1.*,!=3.2.*,!=3.3.*"
version = "1.1.1"

[[package]]
category = "main"
description = "OAuth 2.0 client library"
name = "oauth2client"
optional = false
python-versions = "*"
version = "4.1.2"

[package.dependencies]
httplib2 = ">=0.9.1"
pyasn1 = ">=0.1.7"
pyasn1-modules = ">=0.0.5"
rsa = ">=3.1.4"
six = ">=1.6.1"

[[package]]
category = "main"
description = "Python Lex & Yacc"
name = "ply"
optional = false
python-versions = "*"
version = "3.8"

[[package]]
category = "main"
description = "Protocol Buffers"
name = "protobuf"
optional = false
python-versions = "*"
version = "3.11.2"

[package.dependencies]
setuptools = "*"
six = ">=1.9"

[[package]]
category = "main"
description = "ASN.1 types and codecs"
name = "pyasn1"
optional = false
python-versions = "*"
version = "0.4.8"

[[package]]
category = "main"
description = "A collection of ASN.1-based protocols modules."
name = "pyasn1-modules"
optional = false
python-versions = "*"
version = "0.2.7"

[package.dependencies]
pyasn1 = ">=0.4.6,<0.5.0"

[[package]]
category = "main"
description = "Cryptographic modules for Python."
name = "pycrypto"
optional = false
python-versions = "*"
version = "2.6.1"

[[package]]
category = "main"
description = "Cryptographic library for Python"
name = "pycryptodome"
optional = false
python-versions = ">=2.6, !=3.0.*, !=3.1.*, !=3.2.*, !=3.3.*"
version = "3.9.4"

[[package]]
category = "main"
description = "A simple python wrapper for the Firebase API"
name = "pyrebase"
optional = false
python-versions = "*"
version = "3.0.18"

[package.dependencies]
gcloud = "*"
oauth2client = "*"
pycrypto = "*"
python-jwt = "*"
requests = "*"
requests-toolbelt = "*"
sseclient = "*"

[[package]]
category = "main"
description = "A simple python wrapper for the Firebase API with current deps"
name = "pyrebase4"
optional = false
python-versions = "*"
version = "4.3.0"

[package.dependencies]
gcloud = "0.18.3"
oauth2client = "4.1.2"
pycryptodome = ">=3.6.4"
python-jwt = "2.0.1"
requests = ">=2.19.1"
requests-toolbelt = ">=0.7.1"

[[package]]
category = "main"
description = "Module for generating and verifying JSON Web Tokens"
name = "python-jwt"
optional = false
python-versions = "*"
version = "2.0.1"

[package.dependencies]
jws = ">=0.1.3"

[[package]]
category = "main"
description = "Python HTTP for Humans."
name = "requests"
optional = false
python-versions = ">=2.7, !=3.0.*, !=3.1.*, !=3.2.*, !=3.3.*, !=3.4.*"
version = "2.22.0"

[package.dependencies]
certifi = ">=2017.4.17"
chardet = ">=3.0.2,<3.1.0"
idna = ">=2.5,<2.9"
urllib3 = ">=1.21.1,<1.25.0 || >1.25.0,<1.25.1 || >1.25.1,<1.26"

[[package]]
category = "main"
description = "A utility belt for advanced users of python-requests"
name = "requests-toolbelt"
optional = false
python-versions = "*"
version = "0.9.1"

[package.dependencies]
requests = ">=2.0.1,<3.0.0"

[[package]]
category = "main"
description = "Pure-Python RSA implementation"
name = "rsa"
optional = false
python-versions = "*"
version = "4.0"

[package.dependencies]
pyasn1 = ">=0.1.3"

[[package]]
category = "main"
description = "Python 2 and 3 compatibility utilities"
name = "six"
optional = false
python-versions = ">=2.6, !=3.0.*, !=3.1.*"
version = "1.13.0"

[[package]]
category = "main"
description = "Python client library for reading Server Sent Event streams."
name = "sseclient"
optional = false
python-versions = "*"
version = "0.0.24"

[package.dependencies]
requests = ">=2.9"
six = "*"

[[package]]
category = "main"
description = "HTTP library with thread-safe connection pooling, file post, and more."
name = "urllib3"
optional = false
python-versions = ">=2.7, !=3.0.*, !=3.1.*, !=3.2.*, !=3.3.*, <4"
version = "1.25.7"

[[package]]
category = "main"
description = "The comprehensive WSGI web application library."
name = "werkzeug"
optional = false
python-versions = ">=2.7, !=3.0.*, !=3.1.*, !=3.2.*, !=3.3.*"
version = "0.16.0"

[metadata]
content-hash = "7a3b38f16b21261c25c22146871a8974c48a6a2660ec5fa2cb0da946dfc3426b"
python-versions = "^3.7"

[metadata.hashes]
certifi = ["017c25db2a153ce562900032d5bc68e9f191e44e9a0f762f373977de9df1fbb3", "25b64c7da4cd7479594d035c08c2d809eb4aab3a26e5a990ea98cc450c320f1f"]
chardet = ["84ab92ed1c4d4f16916e05906b6b75a6c0fb5db821cc65e70cbd64a3e2a5eaae", "fc323ffcaeaed0e0a02bf4d117757b98aed530d9ed4531e3e15460124c106691"]
click = ["2335065e6395b9e67ca716de5f7526736bfa6ceead690adf616d925bdc622b13", "5b94b49521f6456670fdb30cd82a4eca9412788a93fa6dd6df72c94d5a8ff2d7"]
flask = ["13f9f196f330c7c2c5d7a5cf91af894110ca0215ac051b5844701f2bfd934d52", "45eb5a6fd193d6cf7e0cf5d8a5b31f83d5faae0293695626f539a823e93b13f6"]
future = ["b1bead90b70cf6ec3f0710ae53a525360fa360d306a86583adc6bf83a4db537d"]
gax-google-logging-v2 = ["c36cbb93e070b3b535e9fffff6879efe447e525dff75b62eb4564def515e1a18"]
gax-google-pubsub-v1 = ["943df4aa05cf0302fa1616197d05e29adb62be2c0f55f80d8345439d72471526"]
gcloud = ["0af2dec59fce20561752f86e42d981c6a255e306a6c5e5d1fa3d358a8857e4fb"]
google-gax = ["63312a04cb87ca50e857245f05c582b2171807a30e61cef85006b983bf659cb9"]
googleapis-common-protos = ["e61b8ed5e36b976b487c6e7b15f31bb10c7a0ca7bd5c0e837f4afab64b53a0c6"]
grpc-google-logging-v2 = ["4b6b4e603860b134b2cb8732bb4d1f2cec963d553497dcf70b3f5ecc99d7fb4f"]
grpc-google-pubsub-v1 = ["ab5a3a239a9678012cdc00a9b9a8fe8c75fca9a0035da41da3078145e9d967b9"]
grpcio = ["066630f6b62bffa291dacbee56994279a6a3682b8a11967e9ccaf3cc770fc11e", "07e95762ca6b18afbeb3aa2793e827c841152d5e507089b1db0b18304edda105", "0a0fb2f8e3a13537106bc77e4c63005bc60124a6203034304d9101921afa4e90", "0c61b74dcfb302613926e785cb3542a0905b9a3a86e9410d8cf5d25e25e10104", "13383bd70618da03684a8aafbdd9e3d9a6720bf8c07b85d0bc697afed599d8f0", "1c6e0f6b9d091e3717e9a58d631c8bb4898be3b261c2a01fe46371fdc271052f", "1cf710c04689daa5cc1e598efba00b028215700dcc1bf66fcb7b4f64f2ea5d5f", "2da5cee9faf17bb8daf500cd0d28a17ae881ab5500f070a6aace457f4c08cac4", "2f78ebf340eaf28fa09aba0f836a8b869af1716078dfe8f3b3f6ff785d8f2b0f", "33a07a1a8e817d733588dbd18e567caad1a6fe0d440c165619866cd490c7911a", "3d090c66af9c065b7228b07c3416f93173e9839b1d40bb0ce3dd2aa783645026", "42b903a3596a10e2a3727bae2a76f8aefd324d498424b843cfa9606847faea7b", "4fffbb58134c4f23e5a8312ac3412db6f5e39e961dc0eb5e3115ce5aa16bf927", "57be5a6c509a406fe0ffa6f8b86904314c77b5e2791be8123368ad2ebccec874", "5b0fa09efb33e2af4e8822b4eb8b2cbc201d562e3e185c439be7eaeee2e8b8aa", "5ef42dfc18f9a63a06aca938770b69470bb322e4c137cf08cf21703d1ef4ae5c", "6a43d2f2ff8250f200fdf7aa31fa191a997922aa9ea1182453acd705ad83ab72", "6d8ab28559be98b02f8b3a154b53239df1aa5b0d28ff865ae5be4f30e7ed4d3f", "6e47866b7dc14ca3a12d40c1d6082e7bea964670f1c5315ea0fb8b0550244d64", "6edda1b96541187f73aab11800d25f18ee87e53d5f96bb74473873072bf28a0e", "7109c8738a8a3c98cfb5dda1c45642a8d6d35dc00d257ab7a175099b2b4daecd", "8d866aafb08657c456a18c4a31c8526ea62de42427c242b58210b9eae6c64559", "9939727d9ae01690b24a2b159ac9dbca7b7e8e6edd5af6a6eb709243cae7b52b", "99fd873699df17cb11c542553270ae2b32c169986e475df0d68a8629b8ef4df7", "b6fda5674f990e15e1bcaacf026428cf50bce36e708ddcbd1de9673b14aab760", "bdb2f3dcb664f0c39ef1312cd6acf6bc6375252e4420cf8f36fff4cb4fa55c71", "bfd7d3130683a1a0a50c456273c21ec8a604f2d043b241a55235a78a0090ee06", "c6c2db348ac73d73afe14e0833b18abbbe920969bf2c5c03c0922719f8020d06", "cb7a4b41b5e2611f85c3402ac364f1d689f5d7ecbc24a55ef010eedcd6cf460f", "cd3d3e328f20f7c807a862620c6ee748e8d57ba2a8fc960d48337ed71c6d9d32", "d1a481777952e4f99b8a6956581f3ee866d7614100d70ae6d7e07327570b85ce", "d1d49720ed636920bb3d74cedf549382caa9ad55aea89d1de99d817068d896b2", "d42433f0086cccd192114343473d7dbd4aae9141794f939e2b7b83efc57543db", "d44c34463a7c481e076f691d8fa25d080c3486978c2c41dca09a8dd75296c2d7", "d7e5b7af1350e9c8c17a7baf99d575fbd2de69f7f0b0e6ebd47b57506de6493a", "d9542366a0917b9b48bab1fee481ac01f56bdffc52437b598c09e7840148a6a9", "df7cdfb40179acc9790a462c049e0b8e109481164dd7ad1a388dd67ff1528759", "e1a9d9d2e7224d981aea8da79260c7f6932bf31ce1f99b7ccfa5eceeb30dc5d0", "ed10e5fad105ecb0b12822f924e62d0deb07f46683a0b64416b17fd143daba1d", "f0ec5371ce2363b03531ed522bfbe691ec940f51f0e111f0500fc0f44518c69d", "f6580a8a4f5e701289b45fd62a8f6cb5ec41e4d77082424f8b676806dcd22564", "f7b83e4b2842d44fce3cdc0d54db7a7e0d169a598751bf393601efaa401c83e0", "ffec45b0db18a555fdfe0c6fa2d0a3fceb751b22b31e8fcd14ceed7bde05481e"]
httplib2 = ["1d1f4ad7a6e55d325830ab274190f98894e069850a871fac19921caf4363259d", "a5f914f18f99cb9541660454a159e3b3c63241fc3ab60005bb88d97cc7a4fb58"]
idna = ["c357b3f628cf53ae2c4c05627ecc484553142ca23264e593d327bcde5e9c3407", "ea8b7f6188e6fa117537c3df7da9fc686d485087abf6ac197f9c46432f7e4a3c"]
itsdangerous = ["321b033d07f2a4136d3ec762eac9f16a10ccd60f53c0c91af90217ace7ba1f19", "b12271b2047cb23eeb98c8b5622e2e5c5e9abd9784a153e9d8ef9cb4dd09d749"]
jinja2 = ["74320bb91f31270f9551d46522e33af46a80c3d619f4a4bf42b3164d30b5911f", "9fe95f19286cfefaa917656583d020be14e7859c6b0252588391e47db34527de"]
jws = ["0e3d4cb06ae7c5c1d16d357b4e7acb5c5ecab0cccb3a4b998035b85052488053", "1c435117e2f6842e74e9a167df58cbab20f36aa14996ccbc81b7aded2f09a704", "6f48d610bbd0d6974ce0c010a6ce0438d3fa87539e68c5e21ea28d29a8df0e57", "8f9c25d7022a9592fe4766612db729e7f5ee2afbc8d409108ef11f26b0aa94b6"]
markupsafe = ["00bc623926325b26bb9605ae9eae8a215691f33cae5df11ca5424f06f2d1f473", "09027a7803a62ca78792ad89403b1b7a73a01c8cb65909cd876f7fcebd79b161", "09c4b7f37d6c648cb13f9230d847adf22f8171b1ccc4d5682398e77f40309235", "1027c282dad077d0bae18be6794e6b6b8c91d58ed8a8d89a89d59693b9131db5", "24982cc2533820871eba85ba648cd53d8623687ff11cbb805be4ff7b4c971aff", "29872e92839765e546828bb7754a68c418d927cd064fd4708fab9fe9c8bb116b", "43a55c2930bbc139570ac2452adf3d70cdbb3cfe5912c71cdce1c2c6bbd9c5d1", "46c99d2de99945ec5cb54f23c8cd5689f6d7177305ebff350a58ce5f8de1669e", "500d4957e52ddc3351cabf489e79c91c17f6e0899158447047588650b5e69183", "535f6fc4d397c1563d08b88e485c3496cf5784e927af890fb3c3aac7f933ec66", "62fe6c95e3ec8a7fad637b7f3d372c15ec1caa01ab47926cfdf7a75b40e0eac1", "6dd73240d2af64df90aa7c4e7481e23825ea70af4b4922f8ede5b9e35f78a3b1", "717ba8fe3ae9cc0006d7c451f0bb265ee07739daf76355d06366154ee68d221e", "79855e1c5b8da654cf486b830bd42c06e8780cea587384cf6545b7d9ac013a0b", "7c1699dfe0cf8ff607dbdcc1e9b9af1755371f92a68f706051cc8c37d447c905", "88e5fcfb52ee7b911e8bb6d6aa2fd21fbecc674eadd44118a9cc3863f938e735", "8defac2f2ccd6805ebf65f5eeb132adcf2ab57aa11fdf4c0dd5169a004710e7d", "98c7086708b163d425c67c7a91bad6e466bb99d797aa64f965e9d25c12111a5e", "9add70b36c5666a2ed02b43b335fe19002ee5235efd4b8a89bfcf9005bebac0d", "9bf40443012702a1d2070043cb6291650a0841ece432556f784f004937f0f32c", "ade5e387d2ad0d7ebf59146cc00c8044acbd863725f887353a10df825fc8ae21", "b00c1de48212e4cc9603895652c5c410df699856a2853135b3967591e4beebc2", "b1282f8c00509d99fef04d8ba936b156d419be841854fe901d8ae224c59f0be5", "b2051432115498d3562c084a49bba65d97cf251f5a331c64a12ee7e04dacc51b", "ba59edeaa2fc6114428f1637ffff42da1e311e29382d81b339c1817d37ec93c6", "c8716a48d94b06bb3b2524c2b77e055fb313aeb4ea620c8dd03a105574ba704f", "cd5df75523866410809ca100dc9681e301e3c27567cf498077e8551b6d20e42f", "e249096428b3ae81b08327a63a485ad0878de3fb939049038579ac0ef61e17e7"]
oauth2client = ["bd3062c06f8b10c6ef7a890b22c2740e5f87d61b6e1f4b1c90d069cdfc9dadb5", "cf061f52f75e91d489bf5c276498f8af2655fe331b454f10022441513cf445a6"]
ply = ["e7d1bdff026beb159c9942f7a17e102c375638d9478a7ecd4cc0c76afd8de0b8"]
protobuf = ["0329e86a397db2a83f9dcbe21d9be55a47f963cdabc893c3a24f4d3a8f117c37", "0a7219254afec0d488211f3d482d8ed57e80ae735394e584a98d8f30a8c88a36", "14d6ac53df9cb5bb87c4f91b677c1bc5cec9c0fd44327f367a3c9562de2877c4", "180fc364b42907a1d2afa183ccbeffafe659378c236b1ec3daca524950bb918d", "3d7a7d8d20b4e7a8f63f62de2d192cfd8b7a53c56caba7ece95367ca2b80c574", "3f509f7e50d806a434fe4a5fbf602516002a0f092889209fff7db82060efffc0", "4571da974019849201fc1ec6626b9cea54bd11b6bed140f8f737c0a33ea37de5", "557686c43fbd04f5f7c533f00feee9a37dcca7b5896e3ae3664a33864e6dd546", "56bd1d84fbf4505c7b73f04de987eef5682e5752c811141b0186a3809bfb396f", "680c668d00b5eff08b86aef9e5ba9a705e621ea05d39071cfea8e28cb2400946", "6b5b947dc8b3f2aec0eaad65b0b5113fcd642c358c31357c647da6281ee31104", "6e96dffaf4d0a9a329e528b353ba62fd9ef13599688723d96bc9c165d0b6871e", "919f0d6f6addc836d08658eba3b52be2e92fd3e76da3ce00c325d8e9826d17c7", "9c7b19c30cf0644afd0e4218b13f637ce54382fdcb1c8f75bf3e84e49a5f6d0a", "a2e6f57114933882ec701807f217df2fb4588d47f71f227c0a163446b930d507", "a6b970a2eccfcbabe1acf230fbf112face1c4700036c95e195f3554d7bcb04c1", "bc45641cbcdea068b67438244c926f9fd3e5cbdd824448a4a64370610df7c593", "d61b14a9090da77fe87e38ba4c6c43d3533dcbeb5d84f5474e7ac63c532dcc9c", "d6faf5dbefb593e127463f58076b62fcfe0784187be8fe1aa9167388f24a22a1"]
pyasn1 = ["014c0e9976956a08139dc0712ae195324a75e142284d5f87f1a87ee1b068a359", "03840c999ba71680a131cfaee6fab142e1ed9bbd9c693e285cc6aca0d555e576", "0458773cfe65b153891ac249bcf1b5f8f320b7c2ce462151f8fa74de8934becf", "08c3c53b75eaa48d71cf8c710312316392ed40899cb34710d092e96745a358b7", "39c7e2ec30515947ff4e87fb6f456dfc6e84857d34be479c9d4a4ba4bf46aa5d", "5c9414dcfede6e441f7e8f81b43b34e834731003427e5b09e4e00e3172a10f00", "6e7545f1a61025a4e58bb336952c5061697da694db1cae97b116e9c46abcf7c8", "78fa6da68ed2727915c4767bb386ab32cdba863caa7dbe473eaae45f9959da86", "7ab8a544af125fb704feadb008c99a88805126fb525280b2270bb25cc1d78a12", "99fcc3c8d804d1bc6d9a099921e39d827026409a58f2a720dcdb89374ea0c776", "aef77c9fb94a3ac588e87841208bdec464471d9871bd5050a287cc9a475cd0ba", "e89bf84b5437b532b0803ba5c9a5e054d21fec423a89952a74f87fa2c9b7bce2", "fec3e9d8e36808a28efb59b489e4528c10ad0f480e57dcc32b4de5c9d8c9fdf3"]
pyasn1-modules = ["0c35a52e00b672f832e5846826f1fb7507907f7d52fba6faa9e3c4cbe874fe4b", "13a6955947d8a554de78fc305a4d651f20fb5580b88612a5f0661d4f189d27ac", "233f55c840e821e76828262db976ac894b285909d22d060c2bdb522e7bf28cc6", "24d54188cb7abd750e0a2cba61b7b46a75608175a0c3c1b1eee08322915d8d21", "27581362b4253b9c999882a64df974124cde12be0bf2c04148a0d68bc6bbb7b8", "33c220a2701032261a23eea6e9881404ac6fc7ff96f183b5353fea8fc8962547", "64f6aecf26e93f6a3ba3725b4eb9f532551747d7a63ca9ff43aef12f4bf11eac", "7b4edf07ca2f759d7cf693184be09f22e067c2eb52b03c770d0a2e9de1c67dfd", "9b972f81f59d896cebb9ebb1d44296f1acb28bf7869443c37551f4eed8d74f83", "9ca5e376a6d9dee35bb3a62608dfa2e6698798aa6b8db3c7afd0eb31af0d63c7", "b6ada4f840fe51abf5a6bd545b45bf537bea62221fa0dde2e8a553ed9f06a4e3", "c14b107a67ee36a7f183ae9f4803ffde4a03b67f3192eab0a62e851af71371d3", "eaf35047a0b068e3e0c2a99618b13b65c98c329661daa78c9d44a4ef0fe8139e"]
pycrypto = ["f2ce1e989b272cfcb677616763e0a2e7ec659effa67a88aa92b3a65528f60a3c"]
pycryptodome = ["042ae873baadd0c33b4d699a5c5b976ade3233a979d972f98ca82314632d868c", "0502876279772b1384b660ccc91563d04490d562799d8e2e06b411e2d81128a9", "2de33ed0a95855735d5a0fc0c39603314df9e78ee8bbf0baa9692fb46b3b8bbb", "319e568baf86620b419d53063b18c216abf924875966efdfe06891b987196a45", "4372ec7518727172e1605c0843cdc5375d4771e447b8148c787b860260aae151", "48821950ffb9c836858d8fa09d7840b6df52eadd387a3c5acece55cb387743f9", "4b9533d4166ca07abdd49ce9d516666b1df944997fe135d4b21ac376aa624aff", "54456cf85130e01674d21fb1ab89ffccacb138a8ade88d72fa2b0ac898d2798b", "56fdd0e425f1b8fd3a00b6d96351f86226674974814c50534864d0124d48871f", "57b1b707363490c495ad0eeb38bd1b0e1697c497af25fad78d3a1ebf0477fd5b", "5c485ed6e9718ebcaa81138fa70ace9c563d202b56a8cee119b4085b023931f5", "63c103a22cbe9752f6ea9f1a0de129995bad91c4d03a66c67cffcf6ee0c9f1e1", "68fab8455efcbfe87c5d75015476f9b606227ffe244d57bfd66269451706e899", "6c2720696b10ae356040e888bde1239b8957fe18885ccf5e7b4e8dec882f0856", "72166c2ac520a5dbd2d90208b9c279161ec0861662a621892bd52fb6ca13ab91", "7c52308ac5b834331b2f107a490b2c27de024a229b61df4cdc5c131d563dfe98", "87d8d85b4792ca5e730fb7a519fbc3ed976c59dcf79c5204589c59afd56b9926", "896e9b6fd0762aa07b203c993fbbee7a1f1a4674c6886afd7bfa86f3d1be98a8", "8a799bea3c6617736e914a2e77c409f52893d382f619f088f8a80e2e21f573c1", "9d9945ac8375d5d8e60bd2a2e1df5882eaa315522eedf3ca868b1546dfa34eba", "9ef966c727de942de3e41aa8462c4b7b4bca70f19af5a3f99e31376589c11aac", "a168e73879619b467072509a223282a02c8047d932a48b74fbd498f27224aa04", "a30f501bbb32e01a49ef9e09ca1260e5ab49bf33a257080ec553e08997acc487", "a8ca2450394d3699c9f15ef25e8de9a24b401933716a1e39d37fa01f5fe3c58b", "aec4d42deb836b8fb3ba32f2ba1ef0d33dd3dc9d430b1479ee7a914490d15b5e", "b4af098f2a50f8d048ab12cabb59456585c0acf43d90ee79782d2d6d0ed59dba", "b55c60c321ac91945c60a40ac9896ac7a3d432bb3e8c14006dfd82ad5871c331", "c53348358408d94869059e16fba5ff3bef8c52c25b18421472aba272b9bb450f", "cbfd97f9e060f0d30245cd29fa267a9a84de9da97559366fca0a3f7655acc63f", "d3fe3f33ad52bf0c19ee6344b695ba44ffbfa16f3c29ca61116b48d97bd970fb", "e3a79a30d15d9c7c284a7734036ee8abdb5ca3a6f5774d293cdc9e1358c1dc10", "eec0689509389f19875f66ae8dedd59f982240cdab31b9f78a8dc266011df93a"]
pyrebase = ["91bbd2141535b095b9a28329f832a2bacde015316c4c12f6d6905d9d16ddb6fb", "cbd092583b235499a890f075f0c79640dfd2c6ba79a8646c4e7ea185b1082b30"]
pyrebase4 = ["16b600872adc0c611ef903a9a942797d5987e748bde2a6a76b7f1227c061eb74", "77d434ce51612830d5c9e0b21f630e9b4f5c9f0364dc74c8688d818bdf6125ca"]
python-jwt = ["6b2d334cfa8af8423d96bff45a00a7bc811d87f460d1e7f4732b3ae90220f02c", "db2a8ad41b816e0c00e0f8ba3c1899675daa26139641a61356579304960533a1"]
requests = ["11e007a8a2aa0323f5a921e9e6a2d7e4e67d9877e85773fba9ba6419025cbeb4", "9cf5292fcd0f598c671cfc1e0d7d1a7f13bb8085e9a590f48c010551dc6c4b31"]
requests-toolbelt = ["380606e1d10dc85c3bd47bf5a6095f815ec007be7a8b69c878507068df059e6f", "968089d4584ad4ad7c171454f0a5c6dac23971e9472521ea3b6d49d610aa6fc0"]
rsa = ["14ba45700ff1ec9eeb206a2ce76b32814958a98e372006c8fb76ba820211be66", "1a836406405730121ae9823e19c6e806c62bbad73f890574fff50efa4122c487"]
six = ["1f1b7d42e254082a9db6279deae68afb421ceba6158efa6131de7b3003ee93fd", "30f610279e8b2578cab6db20741130331735c781b56053c59c4076da27f06b66"]
sseclient = ["1b4c5119b9381cb6ddaf3236f3f7e1437a14e488d1ed61336873a839788481b0"]
urllib3 = ["a8a318824cc77d1fd4b2bec2ded92646630d7fe8619497b142c84a9e6f5a7293", "f3c5fd51747d450d4dcf6f923c81f78f811aab8205fda64b0aba34a4e48b0745"]
werkzeug = ["7280924747b5733b246fe23972186c6b348f9ae29724135a6dfc1e53cea433e7", "e5f4a1f98b52b18a93da705a7458e55afb26f32bff83ff5d19189f92462d65c4"]
